// !$*UTF8*$!
{
	archiveVersion = 1;
	classes = {
	};
	objectVersion = 56;
	objects = {

/* Begin PBXBuildFile section */
		75848F4F2C4BBED300226343 /* CocktailRecipeApp.swift in Sources */ = {isa = PBXBuildFile; fileRef = 75848F4E2C4BBED300226343 /* CocktailRecipeApp.swift */; };
		75848F512C4BBED300226343 /* ContentView.swift in Sources */ = {isa = PBXBuildFile; fileRef = 75848F502C4BBED300226343 /* ContentView.swift */; };
		75848F532C4BBED500226343 /* Assets.xcassets in Resources */ = {isa = PBXBuildFile; fileRef = 75848F522C4BBED500226343 /* Assets.xcassets */; };
		75848F562C4BBED500226343 /* Preview Assets.xcassets in Resources */ = {isa = PBXBuildFile; fileRef = 75848F552C4BBED500226343 /* Preview Assets.xcassets */; };
		758715FC2C57A69A00B92BEB /* InstructionTab.swift in Sources */ = {isa = PBXBuildFile; fileRef = 758715FB2C57A69A00B92BEB /* InstructionTab.swift */; };
		758A9F872C569F7E009FFB8D /* IngredientTab.swift in Sources */ = {isa = PBXBuildFile; fileRef = 758A9F862C569F7E009FFB8D /* IngredientTab.swift */; };
		758A9F892C56A4FF009FFB8D /* Ingredient.swift in Sources */ = {isa = PBXBuildFile; fileRef = 758A9F882C56A4FF009FFB8D /* Ingredient.swift */; };
		758AC6462C553639001DC512 /* Carousel.swift in Sources */ = {isa = PBXBuildFile; fileRef = 758AC6452C553639001DC512 /* Carousel.swift */; };
		758BFBCA2C5EA6D5009E6929 /* ThemeManagerView.swift in Sources */ = {isa = PBXBuildFile; fileRef = 758BFBC92C5EA6D5009E6929 /* ThemeManagerView.swift */; };
		758EE0E22C54D98B00952D9F /* ItemListView.swift in Sources */ = {isa = PBXBuildFile; fileRef = 758EE0E12C54D98B00952D9F /* ItemListView.swift */; };
		758EE0E52C54EB0100952D9F /* NavigationBar.swift in Sources */ = {isa = PBXBuildFile; fileRef = 758EE0E42C54EB0100952D9F /* NavigationBar.swift */; };
		758EE0E72C54EB0D00952D9F /* Filter.swift in Sources */ = {isa = PBXBuildFile; fileRef = 758EE0E62C54EB0D00952D9F /* Filter.swift */; };
		758F13612C5C723000955AF2 /* categories.json in Resources */ = {isa = PBXBuildFile; fileRef = 758F13602C5C723000955AF2 /* categories.json */; };
		758F380E2C58F2B9006A08B8 /* items.json in Resources */ = {isa = PBXBuildFile; fileRef = 758F380D2C58F2B9006A08B8 /* items.json */; };
		758F38132C592837006A08B8 /* MapView.swift in Sources */ = {isa = PBXBuildFile; fileRef = 758F38122C592837006A08B8 /* MapView.swift */; };
		7594862F2C5A1D9F00F504AD /* ModelData.swift in Sources */ = {isa = PBXBuildFile; fileRef = 7594862E2C5A1D9F00F504AD /* ModelData.swift */; };
		75958EB42C5E43EC00128411 /* Store.swift in Sources */ = {isa = PBXBuildFile; fileRef = 75958EB32C5E43EC00128411 /* Store.swift */; };
		7595FC212C57E366002D549F /* VideoView.swift in Sources */ = {isa = PBXBuildFile; fileRef = 7595FC202C57E366002D549F /* VideoView.swift */; };
		7595FC232C57ECDF002D549F /* Tabs.swift in Sources */ = {isa = PBXBuildFile; fileRef = 7595FC222C57ECDF002D549F /* Tabs.swift */; };
		7597DF942C53F28700492D41 /* SearchBar.swift in Sources */ = {isa = PBXBuildFile; fileRef = 7597DF932C53F28700492D41 /* SearchBar.swift */; };
		75A1A2F12C56516B008F67FC /* Description.swift in Sources */ = {isa = PBXBuildFile; fileRef = 75A1A2F02C56516B008F67FC /* Description.swift */; };
		75A461552C5BE6090051C448 /* Lobster-Regular.ttf in Resources */ = {isa = PBXBuildFile; fileRef = 75A4614B2C5BE46F0051C448 /* Lobster-Regular.ttf */; };
		75A461562C5BE60C0051C448 /* Raleway-VariableFont_wght.ttf in Resources */ = {isa = PBXBuildFile; fileRef = 75A461512C5BE5530051C448 /* Raleway-VariableFont_wght.ttf */; };
		75A461572C5BE60E0051C448 /* PlayfairDisplay-VariableFont_wght.ttf in Resources */ = {isa = PBXBuildFile; fileRef = 75A461522C5BE56E0051C448 /* PlayfairDisplay-VariableFont_wght.ttf */; };
		75A461582C5BE6100051C448 /* PlayfairDisplay-Italic-VariableFont_wght.ttf in Resources */ = {isa = PBXBuildFile; fileRef = 75A461532C5BE56E0051C448 /* PlayfairDisplay-Italic-VariableFont_wght.ttf */; };
		75A461592C5BE6120051C448 /* Raleway-Italic-VariableFont_wght.ttf in Resources */ = {isa = PBXBuildFile; fileRef = 75A461502C5BE5530051C448 /* Raleway-Italic-VariableFont_wght.ttf */; };
		75A48B8C2C52287700AAB18B /* CategoryCard.swift in Sources */ = {isa = PBXBuildFile; fileRef = 75A48B8B2C52287700AAB18B /* CategoryCard.swift */; };
		75A48B8E2C52295300AAB18B /* Category.swift in Sources */ = {isa = PBXBuildFile; fileRef = 75A48B8D2C52295300AAB18B /* Category.swift */; };
		75A48B902C5237D400AAB18B /* CategoryList.swift in Sources */ = {isa = PBXBuildFile; fileRef = 75A48B8F2C5237D400AAB18B /* CategoryList.swift */; };
		75A48B922C523E3B00AAB18B /* ItemCard.swift in Sources */ = {isa = PBXBuildFile; fileRef = 75A48B912C523E3B00AAB18B /* ItemCard.swift */; };
		75A48B942C523E9000AAB18B /* Item.swift in Sources */ = {isa = PBXBuildFile; fileRef = 75A48B932C523E9000AAB18B /* Item.swift */; };
		75A48B962C52549C00AAB18B /* ItemList.swift in Sources */ = {isa = PBXBuildFile; fileRef = 75A48B952C52549C00AAB18B /* ItemList.swift */; };
		75A48B982C525BAD00AAB18B /* ItemDetailView.swift in Sources */ = {isa = PBXBuildFile; fileRef = 75A48B972C525BAD00AAB18B /* ItemDetailView.swift */; };
/* End PBXBuildFile section */

/* Begin PBXFileReference section */
		75848F4B2C4BBED300226343 /* CocktailRecipe.app */ = {isa = PBXFileReference; explicitFileType = wrapper.application; includeInIndex = 0; path = CocktailRecipe.app; sourceTree = BUILT_PRODUCTS_DIR; };
		75848F4E2C4BBED300226343 /* CocktailRecipeApp.swift */ = {isa = PBXFileReference; lastKnownFileType = sourcecode.swift; path = CocktailRecipeApp.swift; sourceTree = "<group>"; };
		75848F502C4BBED300226343 /* ContentView.swift */ = {isa = PBXFileReference; lastKnownFileType = sourcecode.swift; path = ContentView.swift; sourceTree = "<group>"; };
		75848F522C4BBED500226343 /* Assets.xcassets */ = {isa = PBXFileReference; lastKnownFileType = folder.assetcatalog; path = Assets.xcassets; sourceTree = "<group>"; };
		75848F552C4BBED500226343 /* Preview Assets.xcassets */ = {isa = PBXFileReference; lastKnownFileType = folder.assetcatalog; path = "Preview Assets.xcassets"; sourceTree = "<group>"; };
		758715FB2C57A69A00B92BEB /* InstructionTab.swift */ = {isa = PBXFileReference; lastKnownFileType = sourcecode.swift; path = InstructionTab.swift; sourceTree = "<group>"; };
		758A9F862C569F7E009FFB8D /* IngredientTab.swift */ = {isa = PBXFileReference; lastKnownFileType = sourcecode.swift; path = IngredientTab.swift; sourceTree = "<group>"; };
		758A9F882C56A4FF009FFB8D /* Ingredient.swift */ = {isa = PBXFileReference; lastKnownFileType = sourcecode.swift; path = Ingredient.swift; sourceTree = "<group>"; };
		758AC6452C553639001DC512 /* Carousel.swift */ = {isa = PBXFileReference; lastKnownFileType = sourcecode.swift; path = Carousel.swift; sourceTree = "<group>"; };
		758BFBC92C5EA6D5009E6929 /* ThemeManagerView.swift */ = {isa = PBXFileReference; lastKnownFileType = sourcecode.swift; path = ThemeManagerView.swift; sourceTree = "<group>"; };
		758EE0E12C54D98B00952D9F /* ItemListView.swift */ = {isa = PBXFileReference; lastKnownFileType = sourcecode.swift; path = ItemListView.swift; sourceTree = "<group>"; };
		758EE0E42C54EB0100952D9F /* NavigationBar.swift */ = {isa = PBXFileReference; lastKnownFileType = sourcecode.swift; path = NavigationBar.swift; sourceTree = "<group>"; };
		758EE0E62C54EB0D00952D9F /* Filter.swift */ = {isa = PBXFileReference; lastKnownFileType = sourcecode.swift; path = Filter.swift; sourceTree = "<group>"; };
		758F13602C5C723000955AF2 /* categories.json */ = {isa = PBXFileReference; lastKnownFileType = text.json; path = categories.json; sourceTree = "<group>"; };
		758F380D2C58F2B9006A08B8 /* items.json */ = {isa = PBXFileReference; lastKnownFileType = text.json; path = items.json; sourceTree = "<group>"; };
		758F38122C592837006A08B8 /* MapView.swift */ = {isa = PBXFileReference; lastKnownFileType = sourcecode.swift; path = MapView.swift; sourceTree = "<group>"; };
		7594862E2C5A1D9F00F504AD /* ModelData.swift */ = {isa = PBXFileReference; lastKnownFileType = sourcecode.swift; path = ModelData.swift; sourceTree = "<group>"; };
		75958EB32C5E43EC00128411 /* Store.swift */ = {isa = PBXFileReference; lastKnownFileType = sourcecode.swift; path = Store.swift; sourceTree = "<group>"; };
		7595FC202C57E366002D549F /* VideoView.swift */ = {isa = PBXFileReference; lastKnownFileType = sourcecode.swift; path = VideoView.swift; sourceTree = "<group>"; };
		7595FC222C57ECDF002D549F /* Tabs.swift */ = {isa = PBXFileReference; lastKnownFileType = sourcecode.swift; path = Tabs.swift; sourceTree = "<group>"; };
		7597DF932C53F28700492D41 /* SearchBar.swift */ = {isa = PBXFileReference; lastKnownFileType = sourcecode.swift; path = SearchBar.swift; sourceTree = "<group>"; };
		75A1A2F02C56516B008F67FC /* Description.swift */ = {isa = PBXFileReference; lastKnownFileType = sourcecode.swift; path = Description.swift; sourceTree = "<group>"; };
		75A4614B2C5BE46F0051C448 /* Lobster-Regular.ttf */ = {isa = PBXFileReference; lastKnownFileType = file; path = "Lobster-Regular.ttf"; sourceTree = "<group>"; };
		75A461502C5BE5530051C448 /* Raleway-Italic-VariableFont_wght.ttf */ = {isa = PBXFileReference; lastKnownFileType = file; path = "Raleway-Italic-VariableFont_wght.ttf"; sourceTree = "<group>"; };
		75A461512C5BE5530051C448 /* Raleway-VariableFont_wght.ttf */ = {isa = PBXFileReference; lastKnownFileType = file; path = "Raleway-VariableFont_wght.ttf"; sourceTree = "<group>"; };
		75A461522C5BE56E0051C448 /* PlayfairDisplay-VariableFont_wght.ttf */ = {isa = PBXFileReference; lastKnownFileType = file; path = "PlayfairDisplay-VariableFont_wght.ttf"; sourceTree = "<group>"; };
		75A461532C5BE56E0051C448 /* PlayfairDisplay-Italic-VariableFont_wght.ttf */ = {isa = PBXFileReference; lastKnownFileType = file; path = "PlayfairDisplay-Italic-VariableFont_wght.ttf"; sourceTree = "<group>"; };
		75A4615A2C5BE8EF0051C448 /* Info.plist */ = {isa = PBXFileReference; lastKnownFileType = text.plist; path = Info.plist; sourceTree = "<group>"; };
		75A48B8B2C52287700AAB18B /* CategoryCard.swift */ = {isa = PBXFileReference; lastKnownFileType = sourcecode.swift; path = CategoryCard.swift; sourceTree = "<group>"; };
		75A48B8D2C52295300AAB18B /* Category.swift */ = {isa = PBXFileReference; lastKnownFileType = sourcecode.swift; path = Category.swift; sourceTree = "<group>"; };
		75A48B8F2C5237D400AAB18B /* CategoryList.swift */ = {isa = PBXFileReference; lastKnownFileType = sourcecode.swift; path = CategoryList.swift; sourceTree = "<group>"; };
		75A48B912C523E3B00AAB18B /* ItemCard.swift */ = {isa = PBXFileReference; lastKnownFileType = sourcecode.swift; path = ItemCard.swift; sourceTree = "<group>"; };
		75A48B932C523E9000AAB18B /* Item.swift */ = {isa = PBXFileReference; lastKnownFileType = sourcecode.swift; path = Item.swift; sourceTree = "<group>"; };
		75A48B952C52549C00AAB18B /* ItemList.swift */ = {isa = PBXFileReference; lastKnownFileType = sourcecode.swift; path = ItemList.swift; sourceTree = "<group>"; };
		75A48B972C525BAD00AAB18B /* ItemDetailView.swift */ = {isa = PBXFileReference; lastKnownFileType = sourcecode.swift; path = ItemDetailView.swift; sourceTree = "<group>"; };
/* End PBXFileReference section */

/* Begin PBXFrameworksBuildPhase section */
		75848F482C4BBED300226343 /* Frameworks */ = {
			isa = PBXFrameworksBuildPhase;
			buildActionMask = 2147483647;
			files = (
			);
			runOnlyForDeploymentPostprocessing = 0;
		};
/* End PBXFrameworksBuildPhase section */

/* Begin PBXGroup section */
		7568D8212C5165A3004B2988 /* Model */ = {
			isa = PBXGroup;
			children = (
				75A48B8D2C52295300AAB18B /* Category.swift */,
				75A48B932C523E9000AAB18B /* Item.swift */,
				758A9F882C56A4FF009FFB8D /* Ingredient.swift */,
				7594862E2C5A1D9F00F504AD /* ModelData.swift */,
				75958EB32C5E43EC00128411 /* Store.swift */,
			);
			path = Model;
			sourceTree = "<group>";
		};
		7568D8222C5165AA004B2988 /* View */ = {
			isa = PBXGroup;
			children = (
				758F380C2C58F297006A08B8 /* Data */,
				758EE0E32C54EAE700952D9F /* Components */,
				7568D8252C516675004B2988 /* WelcomeView */,
				7568D8242C516660004B2988 /* DetailView */,
				7568D8232C516653004B2988 /* ListView */,
				75848F502C4BBED300226343 /* ContentView.swift */,
			);
			path = View;
			sourceTree = "<group>";
		};
		7568D8232C516653004B2988 /* ListView */ = {
			isa = PBXGroup;
			children = (
				75A48B8B2C52287700AAB18B /* CategoryCard.swift */,
				75A48B8F2C5237D400AAB18B /* CategoryList.swift */,
				75A48B912C523E3B00AAB18B /* ItemCard.swift */,
				75A48B952C52549C00AAB18B /* ItemList.swift */,
				7597DF932C53F28700492D41 /* SearchBar.swift */,
				758EE0E12C54D98B00952D9F /* ItemListView.swift */,
			);
			path = ListView;
			sourceTree = "<group>";
		};
		7568D8242C516660004B2988 /* DetailView */ = {
			isa = PBXGroup;
			children = (
				75A48B972C525BAD00AAB18B /* ItemDetailView.swift */,
				758AC6452C553639001DC512 /* Carousel.swift */,
				75A1A2F02C56516B008F67FC /* Description.swift */,
				758A9F862C569F7E009FFB8D /* IngredientTab.swift */,
				758715FB2C57A69A00B92BEB /* InstructionTab.swift */,
				7595FC202C57E366002D549F /* VideoView.swift */,
				7595FC222C57ECDF002D549F /* Tabs.swift */,
				758F38122C592837006A08B8 /* MapView.swift */,
			);
			path = DetailView;
			sourceTree = "<group>";
		};
		7568D8252C516675004B2988 /* WelcomeView */ = {
			isa = PBXGroup;
			children = (
			);
			path = WelcomeView;
			sourceTree = "<group>";
		};
		75848F422C4BBED200226343 = {
			isa = PBXGroup;
			children = (
				75848F4D2C4BBED300226343 /* CocktailRecipe */,
				75848F4C2C4BBED300226343 /* Products */,
			);
			sourceTree = "<group>";
		};
		75848F4C2C4BBED300226343 /* Products */ = {
			isa = PBXGroup;
			children = (
				75848F4B2C4BBED300226343 /* CocktailRecipe.app */,
			);
			name = Products;
			sourceTree = "<group>";
		};
		75848F4D2C4BBED300226343 /* CocktailRecipe */ = {
			isa = PBXGroup;
			children = (
				75A4615A2C5BE8EF0051C448 /* Info.plist */,
				75A461542C5BE5E70051C448 /* Fonts */,
				7568D8222C5165AA004B2988 /* View */,
				7568D8212C5165A3004B2988 /* Model */,
				75848F4E2C4BBED300226343 /* CocktailRecipeApp.swift */,
				75848F522C4BBED500226343 /* Assets.xcassets */,
				75848F542C4BBED500226343 /* Preview Content */,
			);
			path = CocktailRecipe;
			sourceTree = "<group>";
		};
		75848F542C4BBED500226343 /* Preview Content */ = {
			isa = PBXGroup;
			children = (
				75848F552C4BBED500226343 /* Preview Assets.xcassets */,
			);
			path = "Preview Content";
			sourceTree = "<group>";
		};
		758EE0E32C54EAE700952D9F /* Components */ = {
			isa = PBXGroup;
			children = (
				758EE0E42C54EB0100952D9F /* NavigationBar.swift */,
				758EE0E62C54EB0D00952D9F /* Filter.swift */,
				758BFBC92C5EA6D5009E6929 /* ThemeManagerView.swift */,
			);
			path = Components;
			sourceTree = "<group>";
		};
		758F380C2C58F297006A08B8 /* Data */ = {
			isa = PBXGroup;
			children = (
				758F380D2C58F2B9006A08B8 /* items.json */,
				758F13602C5C723000955AF2 /* categories.json */,
			);
			path = Data;
			sourceTree = "<group>";
		};
		75A461542C5BE5E70051C448 /* Fonts */ = {
			isa = PBXGroup;
			children = (
				75A4614B2C5BE46F0051C448 /* Lobster-Regular.ttf */,
				75A461512C5BE5530051C448 /* Raleway-VariableFont_wght.ttf */,
				75A461522C5BE56E0051C448 /* PlayfairDisplay-VariableFont_wght.ttf */,
				75A461532C5BE56E0051C448 /* PlayfairDisplay-Italic-VariableFont_wght.ttf */,
				75A461502C5BE5530051C448 /* Raleway-Italic-VariableFont_wght.ttf */,
			);
			path = Fonts;
			sourceTree = "<group>";
		};
/* End PBXGroup section */

/* Begin PBXNativeTarget section */
		75848F4A2C4BBED300226343 /* CocktailRecipe */ = {
			isa = PBXNativeTarget;
			buildConfigurationList = 75848F592C4BBED500226343 /* Build configuration list for PBXNativeTarget "CocktailRecipe" */;
			buildPhases = (
				75848F472C4BBED300226343 /* Sources */,
				75848F482C4BBED300226343 /* Frameworks */,
				75848F492C4BBED300226343 /* Resources */,
			);
			buildRules = (
			);
			dependencies = (
			);
			name = CocktailRecipe;
			productName = CocktailRecipe;
			productReference = 75848F4B2C4BBED300226343 /* CocktailRecipe.app */;
			productType = "com.apple.product-type.application";
		};
/* End PBXNativeTarget section */

/* Begin PBXProject section */
		75848F432C4BBED200226343 /* Project object */ = {
			isa = PBXProject;
			attributes = {
				BuildIndependentTargetsInParallel = 1;
				LastSwiftUpdateCheck = 1540;
				LastUpgradeCheck = 1540;
				TargetAttributes = {
					75848F4A2C4BBED300226343 = {
						CreatedOnToolsVersion = 15.4;
					};
				};
			};
			buildConfigurationList = 75848F462C4BBED200226343 /* Build configuration list for PBXProject "CocktailRecipe" */;
			compatibilityVersion = "Xcode 14.0";
			developmentRegion = en;
			hasScannedForEncodings = 0;
			knownRegions = (
				en,
				Base,
			);
			mainGroup = 75848F422C4BBED200226343;
			productRefGroup = 75848F4C2C4BBED300226343 /* Products */;
			projectDirPath = "";
			projectRoot = "";
			targets = (
				75848F4A2C4BBED300226343 /* CocktailRecipe */,
			);
		};
/* End PBXProject section */

/* Begin PBXResourcesBuildPhase section */
		75848F492C4BBED300226343 /* Resources */ = {
			isa = PBXResourcesBuildPhase;
			buildActionMask = 2147483647;
			files = (
				75A461562C5BE60C0051C448 /* Raleway-VariableFont_wght.ttf in Resources */,
				758F13612C5C723000955AF2 /* categories.json in Resources */,
				75848F562C4BBED500226343 /* Preview Assets.xcassets in Resources */,
				75A461552C5BE6090051C448 /* Lobster-Regular.ttf in Resources */,
				75A461592C5BE6120051C448 /* Raleway-Italic-VariableFont_wght.ttf in Resources */,
				75848F532C4BBED500226343 /* Assets.xcassets in Resources */,
				75A461572C5BE60E0051C448 /* PlayfairDisplay-VariableFont_wght.ttf in Resources */,
				75A461582C5BE6100051C448 /* PlayfairDisplay-Italic-VariableFont_wght.ttf in Resources */,
				758F380E2C58F2B9006A08B8 /* items.json in Resources */,
			);
			runOnlyForDeploymentPostprocessing = 0;
		};
/* End PBXResourcesBuildPhase section */

/* Begin PBXSourcesBuildPhase section */
		75848F472C4BBED300226343 /* Sources */ = {
			isa = PBXSourcesBuildPhase;
			buildActionMask = 2147483647;
			files = (
				758AC6462C553639001DC512 /* Carousel.swift in Sources */,
				75A48B8C2C52287700AAB18B /* CategoryCard.swift in Sources */,
				758A9F892C56A4FF009FFB8D /* Ingredient.swift in Sources */,
				75848F512C4BBED300226343 /* ContentView.swift in Sources */,
				75A48B902C5237D400AAB18B /* CategoryList.swift in Sources */,
				75958EB42C5E43EC00128411 /* Store.swift in Sources */,
				7594862F2C5A1D9F00F504AD /* ModelData.swift in Sources */,
				75848F4F2C4BBED300226343 /* CocktailRecipeApp.swift in Sources */,
				7595FC232C57ECDF002D549F /* Tabs.swift in Sources */,
				75A48B982C525BAD00AAB18B /* ItemDetailView.swift in Sources */,
				758F38132C592837006A08B8 /* MapView.swift in Sources */,
				758BFBCA2C5EA6D5009E6929 /* ThemeManagerView.swift in Sources */,
				758A9F872C569F7E009FFB8D /* IngredientTab.swift in Sources */,
				758715FC2C57A69A00B92BEB /* InstructionTab.swift in Sources */,
				75A48B962C52549C00AAB18B /* ItemList.swift in Sources */,
				75A48B942C523E9000AAB18B /* Item.swift in Sources */,
				758EE0E22C54D98B00952D9F /* ItemListView.swift in Sources */,
				7597DF942C53F28700492D41 /* SearchBar.swift in Sources */,
				75A48B922C523E3B00AAB18B /* ItemCard.swift in Sources */,
				758EE0E72C54EB0D00952D9F /* Filter.swift in Sources */,
				7595FC212C57E366002D549F /* VideoView.swift in Sources */,
				75A1A2F12C56516B008F67FC /* Description.swift in Sources */,
				75A48B8E2C52295300AAB18B /* Category.swift in Sources */,
				758EE0E52C54EB0100952D9F /* NavigationBar.swift in Sources */,
			);
			runOnlyForDeploymentPostprocessing = 0;
		};
/* End PBXSourcesBuildPhase section */

/* Begin XCBuildConfiguration section */
		75848F572C4BBED500226343 /* Debug */ = {
			isa = XCBuildConfiguration;
			buildSettings = {
				ALWAYS_SEARCH_USER_PATHS = NO;
				ASSETCATALOG_COMPILER_GENERATE_SWIFT_ASSET_SYMBOL_EXTENSIONS = YES;
				CLANG_ANALYZER_NONNULL = YES;
				CLANG_ANALYZER_NUMBER_OBJECT_CONVERSION = YES_AGGRESSIVE;
				CLANG_CXX_LANGUAGE_STANDARD = "gnu++20";
				CLANG_ENABLE_MODULES = YES;
				CLANG_ENABLE_OBJC_ARC = YES;
				CLANG_ENABLE_OBJC_WEAK = YES;
				CLANG_WARN_BLOCK_CAPTURE_AUTORELEASING = YES;
				CLANG_WARN_BOOL_CONVERSION = YES;
				CLANG_WARN_COMMA = YES;
				CLANG_WARN_CONSTANT_CONVERSION = YES;
				CLANG_WARN_DEPRECATED_OBJC_IMPLEMENTATIONS = YES;
				CLANG_WARN_DIRECT_OBJC_ISA_USAGE = YES_ERROR;
				CLANG_WARN_DOCUMENTATION_COMMENTS = YES;
				CLANG_WARN_EMPTY_BODY = YES;
				CLANG_WARN_ENUM_CONVERSION = YES;
				CLANG_WARN_INFINITE_RECURSION = YES;
				CLANG_WARN_INT_CONVERSION = YES;
				CLANG_WARN_NON_LITERAL_NULL_CONVERSION = YES;
				CLANG_WARN_OBJC_IMPLICIT_RETAIN_SELF = YES;
				CLANG_WARN_OBJC_LITERAL_CONVERSION = YES;
				CLANG_WARN_OBJC_ROOT_CLASS = YES_ERROR;
				CLANG_WARN_QUOTED_INCLUDE_IN_FRAMEWORK_HEADER = YES;
				CLANG_WARN_RANGE_LOOP_ANALYSIS = YES;
				CLANG_WARN_STRICT_PROTOTYPES = YES;
				CLANG_WARN_SUSPICIOUS_MOVE = YES;
				CLANG_WARN_UNGUARDED_AVAILABILITY = YES_AGGRESSIVE;
				CLANG_WARN_UNREACHABLE_CODE = YES;
				CLANG_WARN__DUPLICATE_METHOD_MATCH = YES;
				COPY_PHASE_STRIP = NO;
				DEBUG_INFORMATION_FORMAT = dwarf;
				ENABLE_STRICT_OBJC_MSGSEND = YES;
				ENABLE_TESTABILITY = YES;
				ENABLE_USER_SCRIPT_SANDBOXING = YES;
				GCC_C_LANGUAGE_STANDARD = gnu17;
				GCC_DYNAMIC_NO_PIC = NO;
				GCC_NO_COMMON_BLOCKS = YES;
				GCC_OPTIMIZATION_LEVEL = 0;
				GCC_PREPROCESSOR_DEFINITIONS = (
					"DEBUG=1",
					"$(inherited)",
				);
				GCC_WARN_64_TO_32_BIT_CONVERSION = YES;
				GCC_WARN_ABOUT_RETURN_TYPE = YES_ERROR;
				GCC_WARN_UNDECLARED_SELECTOR = YES;
				GCC_WARN_UNINITIALIZED_AUTOS = YES_AGGRESSIVE;
				GCC_WARN_UNUSED_FUNCTION = YES;
				GCC_WARN_UNUSED_VARIABLE = YES;
				IPHONEOS_DEPLOYMENT_TARGET = 17.5;
				LOCALIZATION_PREFERS_STRING_CATALOGS = YES;
				MTL_ENABLE_DEBUG_INFO = INCLUDE_SOURCE;
				MTL_FAST_MATH = YES;
				ONLY_ACTIVE_ARCH = YES;
				SDKROOT = iphoneos;
				SWIFT_ACTIVE_COMPILATION_CONDITIONS = "DEBUG $(inherited)";
				SWIFT_OPTIMIZATION_LEVEL = "-Onone";
			};
			name = Debug;
		};
		75848F582C4BBED500226343 /* Release */ = {
			isa = XCBuildConfiguration;
			buildSettings = {
				ALWAYS_SEARCH_USER_PATHS = NO;
				ASSETCATALOG_COMPILER_GENERATE_SWIFT_ASSET_SYMBOL_EXTENSIONS = YES;
				CLANG_ANALYZER_NONNULL = YES;
				CLANG_ANALYZER_NUMBER_OBJECT_CONVERSION = YES_AGGRESSIVE;
				CLANG_CXX_LANGUAGE_STANDARD = "gnu++20";
				CLANG_ENABLE_MODULES = YES;
				CLANG_ENABLE_OBJC_ARC = YES;
				CLANG_ENABLE_OBJC_WEAK = YES;
				CLANG_WARN_BLOCK_CAPTURE_AUTORELEASING = YES;
				CLANG_WARN_BOOL_CONVERSION = YES;
				CLANG_WARN_COMMA = YES;
				CLANG_WARN_CONSTANT_CONVERSION = YES;
				CLANG_WARN_DEPRECATED_OBJC_IMPLEMENTATIONS = YES;
				CLANG_WARN_DIRECT_OBJC_ISA_USAGE = YES_ERROR;
				CLANG_WARN_DOCUMENTATION_COMMENTS = YES;
				CLANG_WARN_EMPTY_BODY = YES;
				CLANG_WARN_ENUM_CONVERSION = YES;
				CLANG_WARN_INFINITE_RECURSION = YES;
				CLANG_WARN_INT_CONVERSION = YES;
				CLANG_WARN_NON_LITERAL_NULL_CONVERSION = YES;
				CLANG_WARN_OBJC_IMPLICIT_RETAIN_SELF = YES;
				CLANG_WARN_OBJC_LITERAL_CONVERSION = YES;
				CLANG_WARN_OBJC_ROOT_CLASS = YES_ERROR;
				CLANG_WARN_QUOTED_INCLUDE_IN_FRAMEWORK_HEADER = YES;
				CLANG_WARN_RANGE_LOOP_ANALYSIS = YES;
				CLANG_WARN_STRICT_PROTOTYPES = YES;
				CLANG_WARN_SUSPICIOUS_MOVE = YES;
				CLANG_WARN_UNGUARDED_AVAILABILITY = YES_AGGRESSIVE;
				CLANG_WARN_UNREACHABLE_CODE = YES;
				CLANG_WARN__DUPLICATE_METHOD_MATCH = YES;
				COPY_PHASE_STRIP = NO;
				DEBUG_INFORMATION_FORMAT = "dwarf-with-dsym";
				ENABLE_NS_ASSERTIONS = NO;
				ENABLE_STRICT_OBJC_MSGSEND = YES;
				ENABLE_USER_SCRIPT_SANDBOXING = YES;
				GCC_C_LANGUAGE_STANDARD = gnu17;
				GCC_NO_COMMON_BLOCKS = YES;
				GCC_WARN_64_TO_32_BIT_CONVERSION = YES;
				GCC_WARN_ABOUT_RETURN_TYPE = YES_ERROR;
				GCC_WARN_UNDECLARED_SELECTOR = YES;
				GCC_WARN_UNINITIALIZED_AUTOS = YES_AGGRESSIVE;
				GCC_WARN_UNUSED_FUNCTION = YES;
				GCC_WARN_UNUSED_VARIABLE = YES;
				IPHONEOS_DEPLOYMENT_TARGET = 17.5;
				LOCALIZATION_PREFERS_STRING_CATALOGS = YES;
				MTL_ENABLE_DEBUG_INFO = NO;
				MTL_FAST_MATH = YES;
				SDKROOT = iphoneos;
				SWIFT_COMPILATION_MODE = wholemodule;
				VALIDATE_PRODUCT = YES;
			};
			name = Release;
		};
		75848F5A2C4BBED500226343 /* Debug */ = {
			isa = XCBuildConfiguration;
			buildSettings = {
				ASSETCATALOG_COMPILER_APPICON_NAME = AppIcon;
				ASSETCATALOG_COMPILER_GLOBAL_ACCENT_COLOR_NAME = AccentColor;
				CODE_SIGN_STYLE = Automatic;
				CURRENT_PROJECT_VERSION = 1;
				DEVELOPMENT_ASSET_PATHS = "\"CocktailRecipe/Preview Content\"";
				DEVELOPMENT_TEAM = FBGLW6Y4VC;
				ENABLE_PREVIEWS = YES;
				GENERATE_INFOPLIST_FILE = YES;
				INFOPLIST_FILE = CocktailRecipe/Info.plist;
				INFOPLIST_KEY_UIApplicationSceneManifest_Generation = YES;
				INFOPLIST_KEY_UIApplicationSupportsIndirectInputEvents = YES;
				INFOPLIST_KEY_UILaunchScreen_Generation = YES;
				INFOPLIST_KEY_UISupportedInterfaceOrientations_iPad = "UIInterfaceOrientationPortrait UIInterfaceOrientationPortraitUpsideDown UIInterfaceOrientationLandscapeLeft UIInterfaceOrientationLandscapeRight";
				INFOPLIST_KEY_UISupportedInterfaceOrientations_iPhone = "UIInterfaceOrientationPortrait UIInterfaceOrientationLandscapeLeft UIInterfaceOrientationLandscapeRight";
				LD_RUNPATH_SEARCH_PATHS = (
					"$(inherited)",
					"@executable_path/Frameworks",
				);
				MARKETING_VERSION = 1.0;
				PRODUCT_BUNDLE_IDENTIFIER = vn.edu.rmit.van.CocktailRecipe;
				PRODUCT_NAME = "$(TARGET_NAME)";
				SWIFT_EMIT_LOC_STRINGS = YES;
				SWIFT_VERSION = 5.0;
				TARGETED_DEVICE_FAMILY = "1,2";
			};
			name = Debug;
		};
		75848F5B2C4BBED500226343 /* Release */ = {
			isa = XCBuildConfiguration;
			buildSettings = {
				ASSETCATALOG_COMPILER_APPICON_NAME = AppIcon;
				ASSETCATALOG_COMPILER_GLOBAL_ACCENT_COLOR_NAME = AccentColor;
				CODE_SIGN_STYLE = Automatic;
				CURRENT_PROJECT_VERSION = 1;
				DEVELOPMENT_ASSET_PATHS = "\"CocktailRecipe/Preview Content\"";
				DEVELOPMENT_TEAM = FBGLW6Y4VC;
				ENABLE_PREVIEWS = YES;
				GENERATE_INFOPLIST_FILE = YES;
				INFOPLIST_FILE = CocktailRecipe/Info.plist;
				INFOPLIST_KEY_UIApplicationSceneManifest_Generation = YES;
				INFOPLIST_KEY_UIApplicationSupportsIndirectInputEvents = YES;
				INFOPLIST_KEY_UILaunchScreen_Generation = YES;
				INFOPLIST_KEY_UISupportedInterfaceOrientations_iPad = "UIInterfaceOrientationPortrait UIInterfaceOrientationPortraitUpsideDown UIInterfaceOrientationLandscapeLeft UIInterfaceOrientationLandscapeRight";
				INFOPLIST_KEY_UISupportedInterfaceOrientations_iPhone = "UIInterfaceOrientationPortrait UIInterfaceOrientationLandscapeLeft UIInterfaceOrientationLandscapeRight";
				LD_RUNPATH_SEARCH_PATHS = (
					"$(inherited)",
					"@executable_path/Frameworks",
				);
				MARKETING_VERSION = 1.0;
				PRODUCT_BUNDLE_IDENTIFIER = vn.edu.rmit.van.CocktailRecipe;
				PRODUCT_NAME = "$(TARGET_NAME)";
				SWIFT_EMIT_LOC_STRINGS = YES;
				SWIFT_VERSION = 5.0;
				TARGETED_DEVICE_FAMILY = "1,2";
			};
			name = Release;
		};
/* End XCBuildConfiguration section */

/* Begin XCConfigurationList section */
		75848F462C4BBED200226343 /* Build configuration list for PBXProject "CocktailRecipe" */ = {
			isa = XCConfigurationList;
			buildConfigurations = (
				75848F572C4BBED500226343 /* Debug */,
				75848F582C4BBED500226343 /* Release */,
			);
			defaultConfigurationIsVisible = 0;
			defaultConfigurationName = Release;
		};
		75848F592C4BBED500226343 /* Build configuration list for PBXNativeTarget "CocktailRecipe" */ = {
			isa = XCConfigurationList;
			buildConfigurations = (
				75848F5A2C4BBED500226343 /* Debug */,
				75848F5B2C4BBED500226343 /* Release */,
			);
			defaultConfigurationIsVisible = 0;
			defaultConfigurationName = Release;
		};
/* End XCConfigurationList section */
	};
	rootObject = 75848F432C4BBED200226343 /* Project object */;
}
